
Microsoft Visual Studio Solution File, Format Version 12.00
# Visual Studio Version 18
VisualStudioVersion = 18.6.11806.211 stable
MinimumVisualStudioVersion = 10.0.40219.1
Project("{FAE04EC0-301F-11D3-BF4B-00C04F79EFBC}") = "Team4prog.UI", "Team4prog.UI.csproj", "{F8B15DCF-63F3-9D96-E2F5-5D3BBE6D6C14}"
EndProject
Global
	GlobalSection(SolutionConfigurationPlatforms) = preSolution
		Debug|Any CPU = Debug|Any CPU
		Release|Any CPU = Release|Any CPU
	EndGlobalSection
	GlobalSection(ProjectConfigurationPlatforms) = postSolution
		{F8B15DCF-63F3-9D96-E2F5-5D3BBE6D6C14}.Debug|Any CPU.ActiveCfg = Debug|Any CPU
		{F8B15DCF-63F3-9D96-E2F5-5D3BBE6D6C14}.Debug|Any CPU.Build.0 = Debug|Any CPU
		{F8B15DCF-63F3-9D96-E2F5-5D3BBE6D6C14}.Release|Any CPU.ActiveCfg = Release|Any CPU
		{F8B15DCF-63F3-9D96-E2F5-5D3BBE6D6C14}.Release|Any CPU.Build.0 = Release|Any CPU
	EndGlobalSection
	GlobalSection(SolutionProperties) = preSolution
		HideSolutionNode = FALSE
	EndGlobalSection
	GlobalSection(ExtensibilityGlobals) = postSolution
		SolutionGuid = {8C3E37AF-4B42-4C89-9AF2-39A82052E3F0}
	EndGlobalSection
EndGlobal
